
Microsoft Visual Studio Solution File, Format Version 12.00
# Visual Studio Version 17
VisualStudioVersion = 17.7.34031.279
MinimumVisualStudioVersion = 10.0.40219.1
Project("{FAE04EC0-301F-11D3-BF4B-00C04F79EFBC}") = "HotelListingApp", "HotelListingApp.csproj", "{A087ABF0-AC56-40FB-93C7-D5F472B82E81}"
EndProject
Global
	GlobalSection(SolutionConfigurationPlatforms) = preSolution
		Debug|Any CPU = Debug|Any CPU
		Release|Any CPU = Release|Any CPU
	EndGlobalSection
	GlobalSection(ProjectConfigurationPlatforms) = postSolution
		{A087ABF0-AC56-40FB-93C7-D5F472B82E81}.Debug|Any CPU.ActiveCfg = Debug|Any CPU
		{A087ABF0-AC56-40FB-93C7-D5F472B82E81}.Debug|Any CPU.Build.0 = Debug|Any CPU
		{A087ABF0-AC56-40FB-93C7-D5F472B82E81}.Release|Any CPU.ActiveCfg = Release|Any CPU
		{A087ABF0-AC56-40FB-93C7-D5F472B82E81}.Release|Any CPU.Build.0 = Release|Any CPU
	EndGlobalSection
	GlobalSection(SolutionProperties) = preSolution
		HideSolutionNode = FALSE
	EndGlobalSection
	GlobalSection(ExtensibilityGlobals) = postSolution
		SolutionGuid = {0DDDB365-F460-443C-A2BD-95003E4ADF23}
	EndGlobalSection
EndGlobal
